{
  "name": "rxjs_learn",
  "version": "1.0.0",
  "lockfileVersion": 1,
  "requires": true,
  "dependencies": {
    "@types/es6-shim": {
      "version": "0.31.36",
      "resolved": "http://registry.npm.taobao.org/@types/es6-shim/download/@types/es6-shim-0.31.36.tgz",
      "integrity": "sha1-rWMq8CG38ThGwt3buk2wpvWz62s="
    },
    "rxjs": {
      "version": "5.5.10",
      "resolved": "http://registry.npm.taobao.org/rxjs/download/rxjs-5.5.10.tgz",
      "integrity": "sha1-/eAtemFPbIaD0NGVeCf0kuCdsEU=",
      "requires": {
        "symbol-observable": "1.0.1"
      }
    },
    "symbol-observable": {
      "version": "1.0.1",
      "resolved": "http://registry.npm.taobao.org/symbol-observable/download/symbol-observable-1.0.1.tgz",
      "integrity": "sha1-g0D8RwLDEi310iKI+IKD9RPT/dQ="
    }
  }
}
